// !$*UTF8*$!
{
	archiveVersion = 1;
	classes = {
	};
	objectVersion = 46;
	objects = {

/* Begin PBXBuildFile section */
		930E79A515BC59D9008C47C8 /* Opentok.framework in Frameworks */ = {isa = PBXBuildFile; fileRef = 930E79A415BC59D9008C47C8 /* Opentok.framework */; };
		930E79AB15BC5A15008C47C8 /* CoreImage.framework in Frameworks */ = {isa = PBXBuildFile; fileRef = 930E79A915BC59F9008C47C8 /* CoreImage.framework */; };
		930E79C015BC5B4B008C47C8 /* OpenGLES.framework in Frameworks */ = {isa = PBXBuildFile; fileRef = 930E79BC15BC5AEE008C47C8 /* OpenGLES.framework */; };
		930E79C115BC5B4B008C47C8 /* QuartzCore.framework in Frameworks */ = {isa = PBXBuildFile; fileRef = 930E79BE15BC5AFF008C47C8 /* QuartzCore.framework */; };
		930E79C215BC5B4B008C47C8 /* CoreMedia.framework in Frameworks */ = {isa = PBXBuildFile; fileRef = 930E79BA15BC5AA6008C47C8 /* CoreMedia.framework */; };
		930E79C315BC5B4B008C47C8 /* MobileCoreServices.framework in Frameworks */ = {isa = PBXBuildFile; fileRef = 930E79B815BC5A9E008C47C8 /* MobileCoreServices.framework */; };
		930E79C415BC5B4B008C47C8 /* CoreAudio.framework in Frameworks */ = {isa = PBXBuildFile; fileRef = 930E79AD15BC5A54008C47C8 /* CoreAudio.framework */; };
		930E79C515BC5B4B008C47C8 /* AudioToolbox.framework in Frameworks */ = {isa = PBXBuildFile; fileRef = 930E79AC15BC5A54008C47C8 /* AudioToolbox.framework */; };
		930E79C615BC5B4B008C47C8 /* CoreTelephony.framework in Frameworks */ = {isa = PBXBuildFile; fileRef = 930E79B015BC5A5E008C47C8 /* CoreTelephony.framework */; };
		930E79C715BC5B4B008C47C8 /* AVFoundation.framework in Frameworks */ = {isa = PBXBuildFile; fileRef = 930E79B215BC5A63008C47C8 /* AVFoundation.framework */; };
		930E79C815BC5B4B008C47C8 /* CoreVideo.framework in Frameworks */ = {isa = PBXBuildFile; fileRef = 930E79B415BC5A6B008C47C8 /* CoreVideo.framework */; };
		930E79C915BC5B4B008C47C8 /* CFNetwork.framework in Frameworks */ = {isa = PBXBuildFile; fileRef = 930E79B615BC5A71008C47C8 /* CFNetwork.framework */; };
		930E79CB15BC5BE5008C47C8 /* libz.dylib in Frameworks */ = {isa = PBXBuildFile; fileRef = 930E79CA15BC5BE5008C47C8 /* libz.dylib */; };
		930E79CD15BC5BF0008C47C8 /* libstdc++.dylib in Frameworks */ = {isa = PBXBuildFile; fileRef = 930E79CC15BC5BF0008C47C8 /* libstdc++.dylib */; };
		930E79D015BC5C25008C47C8 /* SystemConfiguration.framework in Frameworks */ = {isa = PBXBuildFile; fileRef = 930E79CE15BC5C1D008C47C8 /* SystemConfiguration.framework */; };
		930E79D215BC5C45008C47C8 /* Security.framework in Frameworks */ = {isa = PBXBuildFile; fileRef = 930E79D115BC5C45008C47C8 /* Security.framework */; };
		930E79D415BC7CF5008C47C8 /* opentok.bundle in Resources */ = {isa = PBXBuildFile; fileRef = 930E79D315BC7CF5008C47C8 /* opentok.bundle */; };
		93B8D0BE15BC4D2F0038AF14 /* UIKit.framework in Frameworks */ = {isa = PBXBuildFile; fileRef = 93B8D0BD15BC4D2F0038AF14 /* UIKit.framework */; };
		93B8D0C015BC4D2F0038AF14 /* Foundation.framework in Frameworks */ = {isa = PBXBuildFile; fileRef = 93B8D0BF15BC4D2F0038AF14 /* Foundation.framework */; };
		93B8D0C215BC4D2F0038AF14 /* CoreGraphics.framework in Frameworks */ = {isa = PBXBuildFile; fileRef = 93B8D0C115BC4D2F0038AF14 /* CoreGraphics.framework */; };
		93B8D0C815BC4D2F0038AF14 /* InfoPlist.strings in Resources */ = {isa = PBXBuildFile; fileRef = 93B8D0C615BC4D2F0038AF14 /* InfoPlist.strings */; };
		93B8D0CA15BC4D2F0038AF14 /* main.m in Sources */ = {isa = PBXBuildFile; fileRef = 93B8D0C915BC4D2F0038AF14 /* main.m */; };
		93B8D0CE15BC4D2F0038AF14 /* MPTAppDelegate.m in Sources */ = {isa = PBXBuildFile; fileRef = 93B8D0CD15BC4D2F0038AF14 /* MPTAppDelegate.m */; };
		93B8D0D615BC4D300038AF14 /* SenTestingKit.framework in Frameworks */ = {isa = PBXBuildFile; fileRef = 93B8D0D515BC4D300038AF14 /* SenTestingKit.framework */; };
		93B8D0D715BC4D300038AF14 /* UIKit.framework in Frameworks */ = {isa = PBXBuildFile; fileRef = 93B8D0BD15BC4D2F0038AF14 /* UIKit.framework */; };
		93B8D0D815BC4D300038AF14 /* Foundation.framework in Frameworks */ = {isa = PBXBuildFile; fileRef = 93B8D0BF15BC4D2F0038AF14 /* Foundation.framework */; };
		93B8D0E015BC4D300038AF14 /* InfoPlist.strings in Resources */ = {isa = PBXBuildFile; fileRef = 93B8D0DE15BC4D300038AF14 /* InfoPlist.strings */; };
		93B8D0E315BC4D300038AF14 /* MoppetTests.m in Sources */ = {isa = PBXBuildFile; fileRef = 93B8D0E215BC4D300038AF14 /* MoppetTests.m */; };
		93B8D0F315BC4E120038AF14 /* MPTCallViewController.m in Sources */ = {isa = PBXBuildFile; fileRef = 93B8D0F215BC4E120038AF14 /* MPTCallViewController.m */; };
/* End PBXBuildFile section */

/* Begin PBXContainerItemProxy section */
		93B8D0D915BC4D300038AF14 /* PBXContainerItemProxy */ = {
			isa = PBXContainerItemProxy;
			containerPortal = 93B8D0B015BC4D2F0038AF14 /* Project object */;
			proxyType = 1;
			remoteGlobalIDString = 93B8D0B815BC4D2F0038AF14;
			remoteInfo = Moppet;
		};
/* End PBXContainerItemProxy section */

/* Begin PBXFileReference section */
		930E79A415BC59D9008C47C8 /* Opentok.framework */ = {isa = PBXFileReference; lastKnownFileType = wrapper.framework; path = Opentok.framework; sourceTree = "<group>"; };
		930E79A915BC59F9008C47C8 /* CoreImage.framework */ = {isa = PBXFileReference; lastKnownFileType = wrapper.framework; name = CoreImage.framework; path = System/Library/Frameworks/CoreImage.framework; sourceTree = SDKROOT; };
		930E79AC15BC5A54008C47C8 /* AudioToolbox.framework */ = {isa = PBXFileReference; lastKnownFileType = wrapper.framework; name = AudioToolbox.framework; path = System/Library/Frameworks/AudioToolbox.framework; sourceTree = SDKROOT; };
		930E79AD15BC5A54008C47C8 /* CoreAudio.framework */ = {isa = PBXFileReference; lastKnownFileType = wrapper.framework; name = CoreAudio.framework; path = System/Library/Frameworks/CoreAudio.framework; sourceTree = SDKROOT; };
		930E79B015BC5A5E008C47C8 /* CoreTelephony.framework */ = {isa = PBXFileReference; lastKnownFileType = wrapper.framework; name = CoreTelephony.framework; path = System/Library/Frameworks/CoreTelephony.framework; sourceTree = SDKROOT; };
		930E79B215BC5A63008C47C8 /* AVFoundation.framework */ = {isa = PBXFileReference; lastKnownFileType = wrapper.framework; name = AVFoundation.framework; path = System/Library/Frameworks/AVFoundation.framework; sourceTree = SDKROOT; };
		930E79B415BC5A6B008C47C8 /* CoreVideo.framework */ = {isa = PBXFileReference; lastKnownFileType = wrapper.framework; name = CoreVideo.framework; path = System/Library/Frameworks/CoreVideo.framework; sourceTree = SDKROOT; };
		930E79B615BC5A71008C47C8 /* CFNetwork.framework */ = {isa = PBXFileReference; lastKnownFileType = wrapper.framework; name = CFNetwork.framework; path = System/Library/Frameworks/CFNetwork.framework; sourceTree = SDKROOT; };
		930E79B815BC5A9E008C47C8 /* MobileCoreServices.framework */ = {isa = PBXFileReference; lastKnownFileType = wrapper.framework; name = MobileCoreServices.framework; path = System/Library/Frameworks/MobileCoreServices.framework; sourceTree = SDKROOT; };
		930E79BA15BC5AA6008C47C8 /* CoreMedia.framework */ = {isa = PBXFileReference; lastKnownFileType = wrapper.framework; name = CoreMedia.framework; path = System/Library/Frameworks/CoreMedia.framework; sourceTree = SDKROOT; };
		930E79BC15BC5AEE008C47C8 /* OpenGLES.framework */ = {isa = PBXFileReference; lastKnownFileType = wrapper.framework; name = OpenGLES.framework; path = System/Library/Frameworks/OpenGLES.framework; sourceTree = SDKROOT; };
		930E79BE15BC5AFF008C47C8 /* QuartzCore.framework */ = {isa = PBXFileReference; lastKnownFileType = wrapper.framework; name = QuartzCore.framework; path = System/Library/Frameworks/QuartzCore.framework; sourceTree = SDKROOT; };
		930E79CA15BC5BE5008C47C8 /* libz.dylib */ = {isa = PBXFileReference; lastKnownFileType = "compiled.mach-o.dylib"; name = libz.dylib; path = usr/lib/libz.dylib; sourceTree = SDKROOT; };
		930E79CC15BC5BF0008C47C8 /* libstdc++.dylib */ = {isa = PBXFileReference; lastKnownFileType = "compiled.mach-o.dylib"; name = "libstdc++.dylib"; path = "usr/lib/libstdc++.dylib"; sourceTree = SDKROOT; };
		930E79CE15BC5C1D008C47C8 /* SystemConfiguration.framework */ = {isa = PBXFileReference; lastKnownFileType = wrapper.framework; name = SystemConfiguration.framework; path = System/Library/Frameworks/SystemConfiguration.framework; sourceTree = SDKROOT; };
		930E79D115BC5C45008C47C8 /* Security.framework */ = {isa = PBXFileReference; lastKnownFileType = wrapper.framework; name = Security.framework; path = System/Library/Frameworks/Security.framework; sourceTree = SDKROOT; };
		930E79D315BC7CF5008C47C8 /* opentok.bundle */ = {isa = PBXFileReference; lastKnownFileType = "wrapper.plug-in"; name = opentok.bundle; path = Opentok.framework/Versions/A/Resources/opentok.bundle; sourceTree = "<group>"; };
		93B8D0B915BC4D2F0038AF14 /* Moppet.app */ = {isa = PBXFileReference; explicitFileType = wrapper.application; includeInIndex = 0; path = Moppet.app; sourceTree = BUILT_PRODUCTS_DIR; };
		93B8D0BD15BC4D2F0038AF14 /* UIKit.framework */ = {isa = PBXFileReference; lastKnownFileType = wrapper.framework; name = UIKit.framework; path = System/Library/Frameworks/UIKit.framework; sourceTree = SDKROOT; };
		93B8D0BF15BC4D2F0038AF14 /* Foundation.framework */ = {isa = PBXFileReference; lastKnownFileType = wrapper.framework; name = Foundation.framework; path = System/Library/Frameworks/Foundation.framework; sourceTree = SDKROOT; };
		93B8D0C115BC4D2F0038AF14 /* CoreGraphics.framework */ = {isa = PBXFileReference; lastKnownFileType = wrapper.framework; name = CoreGraphics.framework; path = System/Library/Frameworks/CoreGraphics.framework; sourceTree = SDKROOT; };
		93B8D0C515BC4D2F0038AF14 /* Moppet-Info.plist */ = {isa = PBXFileReference; lastKnownFileType = text.plist.xml; path = "Moppet-Info.plist"; sourceTree = "<group>"; };
		93B8D0C715BC4D2F0038AF14 /* en */ = {isa = PBXFileReference; lastKnownFileType = text.plist.strings; name = en; path = en.lproj/InfoPlist.strings; sourceTree = "<group>"; };
		93B8D0C915BC4D2F0038AF14 /* main.m */ = {isa = PBXFileReference; lastKnownFileType = sourcecode.c.objc; path = main.m; sourceTree = "<group>"; };
		93B8D0CB15BC4D2F0038AF14 /* Moppet-Prefix.pch */ = {isa = PBXFileReference; lastKnownFileType = sourcecode.c.h; path = "Moppet-Prefix.pch"; sourceTree = "<group>"; };
		93B8D0CC15BC4D2F0038AF14 /* MPTAppDelegate.h */ = {isa = PBXFileReference; lastKnownFileType = sourcecode.c.h; path = MPTAppDelegate.h; sourceTree = "<group>"; };
		93B8D0CD15BC4D2F0038AF14 /* MPTAppDelegate.m */ = {isa = PBXFileReference; lastKnownFileType = sourcecode.c.objc; path = MPTAppDelegate.m; sourceTree = "<group>"; };
		93B8D0D415BC4D300038AF14 /* MoppetTests.octest */ = {isa = PBXFileReference; explicitFileType = wrapper.cfbundle; includeInIndex = 0; path = MoppetTests.octest; sourceTree = BUILT_PRODUCTS_DIR; };
		93B8D0D515BC4D300038AF14 /* SenTestingKit.framework */ = {isa = PBXFileReference; lastKnownFileType = wrapper.framework; name = SenTestingKit.framework; path = Library/Frameworks/SenTestingKit.framework; sourceTree = DEVELOPER_DIR; };
		93B8D0DD15BC4D300038AF14 /* MoppetTests-Info.plist */ = {isa = PBXFileReference; lastKnownFileType = text.plist.xml; path = "MoppetTests-Info.plist"; sourceTree = "<group>"; };
		93B8D0DF15BC4D300038AF14 /* en */ = {isa = PBXFileReference; lastKnownFileType = text.plist.strings; name = en; path = en.lproj/InfoPlist.strings; sourceTree = "<group>"; };
		93B8D0E115BC4D300038AF14 /* MoppetTests.h */ = {isa = PBXFileReference; lastKnownFileType = sourcecode.c.h; path = MoppetTests.h; sourceTree = "<group>"; };
		93B8D0E215BC4D300038AF14 /* MoppetTests.m */ = {isa = PBXFileReference; lastKnownFileType = sourcecode.c.objc; path = MoppetTests.m; sourceTree = "<group>"; };
		93B8D0F115BC4E120038AF14 /* MPTCallViewController.h */ = {isa = PBXFileReference; fileEncoding = 4; lastKnownFileType = sourcecode.c.h; path = MPTCallViewController.h; sourceTree = "<group>"; };
		93B8D0F215BC4E120038AF14 /* MPTCallViewController.m */ = {isa = PBXFileReference; fileEncoding = 4; lastKnownFileType = sourcecode.c.objc; path = MPTCallViewController.m; sourceTree = "<group>"; };
/* End PBXFileReference section */

/* Begin PBXFrameworksBuildPhase section */
		93B8D0B615BC4D2F0038AF14 /* Frameworks */ = {
			isa = PBXFrameworksBuildPhase;
			buildActionMask = 2147483647;
			files = (
				930E79D215BC5C45008C47C8 /* Security.framework in Frameworks */,
				930E79D015BC5C25008C47C8 /* SystemConfiguration.framework in Frameworks */,
				930E79CD15BC5BF0008C47C8 /* libstdc++.dylib in Frameworks */,
				930E79CB15BC5BE5008C47C8 /* libz.dylib in Frameworks */,
				93B8D0BE15BC4D2F0038AF14 /* UIKit.framework in Frameworks */,
				93B8D0C015BC4D2F0038AF14 /* Foundation.framework in Frameworks */,
				93B8D0C215BC4D2F0038AF14 /* CoreGraphics.framework in Frameworks */,
				930E79A515BC59D9008C47C8 /* Opentok.framework in Frameworks */,
				930E79C015BC5B4B008C47C8 /* OpenGLES.framework in Frameworks */,
				930E79C115BC5B4B008C47C8 /* QuartzCore.framework in Frameworks */,
				930E79AB15BC5A15008C47C8 /* CoreImage.framework in Frameworks */,
				930E79C215BC5B4B008C47C8 /* CoreMedia.framework in Frameworks */,
				930E79C315BC5B4B008C47C8 /* MobileCoreServices.framework in Frameworks */,
				930E79C415BC5B4B008C47C8 /* CoreAudio.framework in Frameworks */,
				930E79C515BC5B4B008C47C8 /* AudioToolbox.framework in Frameworks */,
				930E79C615BC5B4B008C47C8 /* CoreTelephony.framework in Frameworks */,
				930E79C715BC5B4B008C47C8 /* AVFoundation.framework in Frameworks */,
				930E79C815BC5B4B008C47C8 /* CoreVideo.framework in Frameworks */,
				930E79C915BC5B4B008C47C8 /* CFNetwork.framework in Frameworks */,
			);
			runOnlyForDeploymentPostprocessing = 0;
		};
		93B8D0D015BC4D300038AF14 /* Frameworks */ = {
			isa = PBXFrameworksBuildPhase;
			buildActionMask = 2147483647;
			files = (
				93B8D0D615BC4D300038AF14 /* SenTestingKit.framework in Frameworks */,
				93B8D0D715BC4D300038AF14 /* UIKit.framework in Frameworks */,
				93B8D0D815BC4D300038AF14 /* Foundation.framework in Frameworks */,
			);
			runOnlyForDeploymentPostprocessing = 0;
		};
/* End PBXFrameworksBuildPhase section */

/* Begin PBXGroup section */
		93B8D0AE15BC4D2F0038AF14 = {
			isa = PBXGroup;
			children = (
				930E79D315BC7CF5008C47C8 /* opentok.bundle */,
				930E79D115BC5C45008C47C8 /* Security.framework */,
				93B8D0C315BC4D2F0038AF14 /* Moppet */,
				93B8D0DB15BC4D300038AF14 /* MoppetTests */,
				93B8D0BC15BC4D2F0038AF14 /* Frameworks */,
				93B8D0BA15BC4D2F0038AF14 /* Products */,
			);
			sourceTree = "<group>";
		};
		93B8D0BA15BC4D2F0038AF14 /* Products */ = {
			isa = PBXGroup;
			children = (
				93B8D0B915BC4D2F0038AF14 /* Moppet.app */,
				93B8D0D415BC4D300038AF14 /* MoppetTests.octest */,
			);
			name = Products;
			sourceTree = "<group>";
		};
		93B8D0BC15BC4D2F0038AF14 /* Frameworks */ = {
			isa = PBXGroup;
			children = (
				930E79CE15BC5C1D008C47C8 /* SystemConfiguration.framework */,
				930E79CC15BC5BF0008C47C8 /* libstdc++.dylib */,
				930E79CA15BC5BE5008C47C8 /* libz.dylib */,
				930E79BC15BC5AEE008C47C8 /* OpenGLES.framework */,
				930E79BE15BC5AFF008C47C8 /* QuartzCore.framework */,
				930E79A915BC59F9008C47C8 /* CoreImage.framework */,
				930E79BA15BC5AA6008C47C8 /* CoreMedia.framework */,
				930E79B815BC5A9E008C47C8 /* MobileCoreServices.framework */,
				930E79AD15BC5A54008C47C8 /* CoreAudio.framework */,
				930E79AC15BC5A54008C47C8 /* AudioToolbox.framework */,
				930E79B015BC5A5E008C47C8 /* CoreTelephony.framework */,
				930E79B215BC5A63008C47C8 /* AVFoundation.framework */,
				930E79B415BC5A6B008C47C8 /* CoreVideo.framework */,
				930E79B615BC5A71008C47C8 /* CFNetwork.framework */,
				930E79A415BC59D9008C47C8 /* Opentok.framework */,
				93B8D0BD15BC4D2F0038AF14 /* UIKit.framework */,
				93B8D0BF15BC4D2F0038AF14 /* Foundation.framework */,
				93B8D0C115BC4D2F0038AF14 /* CoreGraphics.framework */,
				93B8D0D515BC4D300038AF14 /* SenTestingKit.framework */,
			);
			name = Frameworks;
			sourceTree = "<group>";
		};
		93B8D0C315BC4D2F0038AF14 /* Moppet */ = {
			isa = PBXGroup;
			children = (
				93B8D0CC15BC4D2F0038AF14 /* MPTAppDelegate.h */,
				93B8D0CD15BC4D2F0038AF14 /* MPTAppDelegate.m */,
				93B8D0C415BC4D2F0038AF14 /* Supporting Files */,
				93B8D0F115BC4E120038AF14 /* MPTCallViewController.h */,
				93B8D0F215BC4E120038AF14 /* MPTCallViewController.m */,
			);
			path = Moppet;
			sourceTree = "<group>";
		};
		93B8D0C415BC4D2F0038AF14 /* Supporting Files */ = {
			isa = PBXGroup;
			children = (
				93B8D0C515BC4D2F0038AF14 /* Moppet-Info.plist */,
				93B8D0C615BC4D2F0038AF14 /* InfoPlist.strings */,
				93B8D0C915BC4D2F0038AF14 /* main.m */,
				93B8D0CB15BC4D2F0038AF14 /* Moppet-Prefix.pch */,
			);
			name = "Supporting Files";
			sourceTree = "<group>";
		};
		93B8D0DB15BC4D300038AF14 /* MoppetTests */ = {
			isa = PBXGroup;
			children = (
				93B8D0E115BC4D300038AF14 /* MoppetTests.h */,
				93B8D0E215BC4D300038AF14 /* MoppetTests.m */,
				93B8D0DC15BC4D300038AF14 /* Supporting Files */,
			);
			path = MoppetTests;
			sourceTree = "<group>";
		};
		93B8D0DC15BC4D300038AF14 /* Supporting Files */ = {
			isa = PBXGroup;
			children = (
				93B8D0DD15BC4D300038AF14 /* MoppetTests-Info.plist */,
				93B8D0DE15BC4D300038AF14 /* InfoPlist.strings */,
			);
			name = "Supporting Files";
			sourceTree = "<group>";
		};
/* End PBXGroup section */

/* Begin PBXNativeTarget section */
		93B8D0B815BC4D2F0038AF14 /* Moppet */ = {
			isa = PBXNativeTarget;
			buildConfigurationList = 93B8D0E615BC4D300038AF14 /* Build configuration list for PBXNativeTarget "Moppet" */;
			buildPhases = (
				93B8D0B515BC4D2F0038AF14 /* Sources */,
				93B8D0B615BC4D2F0038AF14 /* Frameworks */,
				93B8D0B715BC4D2F0038AF14 /* Resources */,
			);
			buildRules = (
			);
			dependencies = (
			);
			name = Moppet;
			productName = Moppet;
			productReference = 93B8D0B915BC4D2F0038AF14 /* Moppet.app */;
			productType = "com.apple.product-type.application";
		};
		93B8D0D315BC4D300038AF14 /* MoppetTests */ = {
			isa = PBXNativeTarget;
			buildConfigurationList = 93B8D0E915BC4D300038AF14 /* Build configuration list for PBXNativeTarget "MoppetTests" */;
			buildPhases = (
				93B8D0CF15BC4D300038AF14 /* Sources */,
				93B8D0D015BC4D300038AF14 /* Frameworks */,
				93B8D0D115BC4D300038AF14 /* Resources */,
				93B8D0D215BC4D300038AF14 /* ShellScript */,
			);
			buildRules = (
			);
			dependencies = (
				93B8D0DA15BC4D300038AF14 /* PBXTargetDependency */,
			);
			name = MoppetTests;
			productName = MoppetTests;
			productReference = 93B8D0D415BC4D300038AF14 /* MoppetTests.octest */;
			productType = "com.apple.product-type.bundle";
		};
/* End PBXNativeTarget section */

/* Begin PBXProject section */
		93B8D0B015BC4D2F0038AF14 /* Project object */ = {
			isa = PBXProject;
			attributes = {
				CLASSPREFIX = MPT;
				LastUpgradeCheck = 0430;
				ORGANIZATIONNAME = "8Bit Brownies Inc.";
			};
			buildConfigurationList = 93B8D0B315BC4D2F0038AF14 /* Build configuration list for PBXProject "Moppet" */;
			compatibilityVersion = "Xcode 3.2";
			developmentRegion = English;
			hasScannedForEncodings = 0;
			knownRegions = (
				en,
			);
			mainGroup = 93B8D0AE15BC4D2F0038AF14;
			productRefGroup = 93B8D0BA15BC4D2F0038AF14 /* Products */;
			projectDirPath = "";
			projectRoot = "";
			targets = (
				93B8D0B815BC4D2F0038AF14 /* Moppet */,
				93B8D0D315BC4D300038AF14 /* MoppetTests */,
			);
		};
/* End PBXProject section */

/* Begin PBXResourcesBuildPhase section */
		93B8D0B715BC4D2F0038AF14 /* Resources */ = {
			isa = PBXResourcesBuildPhase;
			buildActionMask = 2147483647;
			files = (
				93B8D0C815BC4D2F0038AF14 /* InfoPlist.strings in Resources */,
				930E79D415BC7CF5008C47C8 /* opentok.bundle in Resources */,
			);
			runOnlyForDeploymentPostprocessing = 0;
		};
		93B8D0D115BC4D300038AF14 /* Resources */ = {
			isa = PBXResourcesBuildPhase;
			buildActionMask = 2147483647;
			files = (
				93B8D0E015BC4D300038AF14 /* InfoPlist.strings in Resources */,
			);
			runOnlyForDeploymentPostprocessing = 0;
		};
/* End PBXResourcesBuildPhase section */

/* Begin PBXShellScriptBuildPhase section */
		93B8D0D215BC4D300038AF14 /* ShellScript */ = {
			isa = PBXShellScriptBuildPhase;
			buildActionMask = 2147483647;
			files = (
			);
			inputPaths = (
			);
			outputPaths = (
			);
			runOnlyForDeploymentPostprocessing = 0;
			shellPath = /bin/sh;
			shellScript = "# Run the unit tests in this test bundle.\n\"${SYSTEM_DEVELOPER_DIR}/Tools/RunUnitTests\"\n";
		};
/* End PBXShellScriptBuildPhase section */

/* Begin PBXSourcesBuildPhase section */
		93B8D0B515BC4D2F0038AF14 /* Sources */ = {
			isa = PBXSourcesBuildPhase;
			buildActionMask = 2147483647;
			files = (
				93B8D0CA15BC4D2F0038AF14 /* main.m in Sources */,
				93B8D0CE15BC4D2F0038AF14 /* MPTAppDelegate.m in Sources */,
				93B8D0F315BC4E120038AF14 /* MPTCallViewController.m in Sources */,
			);
			runOnlyForDeploymentPostprocessing = 0;
		};
		93B8D0CF15BC4D300038AF14 /* Sources */ = {
			isa = PBXSourcesBuildPhase;
			buildActionMask = 2147483647;
			files = (
				93B8D0E315BC4D300038AF14 /* MoppetTests.m in Sources */,
			);
			runOnlyForDeploymentPostprocessing = 0;
		};
/* End PBXSourcesBuildPhase section */

/* Begin PBXTargetDependency section */
		93B8D0DA15BC4D300038AF14 /* PBXTargetDependency */ = {
			isa = PBXTargetDependency;
			target = 93B8D0B815BC4D2F0038AF14 /* Moppet */;
			targetProxy = 93B8D0D915BC4D300038AF14 /* PBXContainerItemProxy */;
		};
/* End PBXTargetDependency section */

/* Begin PBXVariantGroup section */
		93B8D0C615BC4D2F0038AF14 /* InfoPlist.strings */ = {
			isa = PBXVariantGroup;
			children = (
				93B8D0C715BC4D2F0038AF14 /* en */,
			);
			name = InfoPlist.strings;
			sourceTree = "<group>";
		};
		93B8D0DE15BC4D300038AF14 /* InfoPlist.strings */ = {
			isa = PBXVariantGroup;
			children = (
				93B8D0DF15BC4D300038AF14 /* en */,
			);
			name = InfoPlist.strings;
			sourceTree = "<group>";
		};
/* End PBXVariantGroup section */

/* Begin XCBuildConfiguration section */
		93B8D0E415BC4D300038AF14 /* Debug */ = {
			isa = XCBuildConfiguration;
			buildSettings = {
				ALWAYS_SEARCH_USER_PATHS = NO;
				ARCHS = "$(ARCHS_STANDARD_32_BIT)";
				CLANG_ENABLE_OBJC_ARC = YES;
				"CODE_SIGN_IDENTITY[sdk=iphoneos*]" = "iPhone Developer";
				COPY_PHASE_STRIP = NO;
				GCC_C_LANGUAGE_STANDARD = gnu99;
				GCC_DYNAMIC_NO_PIC = NO;
				GCC_OPTIMIZATION_LEVEL = 0;
				GCC_PREPROCESSOR_DEFINITIONS = (
					"DEBUG=1",
					"$(inherited)",
				);
				GCC_SYMBOLS_PRIVATE_EXTERN = NO;
				GCC_VERSION = com.apple.compilers.llvm.clang.1_0;
				GCC_WARN_ABOUT_RETURN_TYPE = YES;
				GCC_WARN_UNINITIALIZED_AUTOS = YES;
				GCC_WARN_UNUSED_VARIABLE = YES;
				IPHONEOS_DEPLOYMENT_TARGET = 5.1;
				SDKROOT = iphoneos;
				TARGETED_DEVICE_FAMILY = "1,2";
			};
			name = Debug;
		};
		93B8D0E515BC4D300038AF14 /* Release */ = {
			isa = XCBuildConfiguration;
			buildSettings = {
				ALWAYS_SEARCH_USER_PATHS = NO;
				ARCHS = "$(ARCHS_STANDARD_32_BIT)";
				CLANG_ENABLE_OBJC_ARC = YES;
				"CODE_SIGN_IDENTITY[sdk=iphoneos*]" = "iPhone Developer";
				COPY_PHASE_STRIP = YES;
				GCC_C_LANGUAGE_STANDARD = gnu99;
				GCC_VERSION = com.apple.compilers.llvm.clang.1_0;
				GCC_WARN_ABOUT_RETURN_TYPE = YES;
				GCC_WARN_UNINITIALIZED_AUTOS = YES;
				GCC_WARN_UNUSED_VARIABLE = YES;
				IPHONEOS_DEPLOYMENT_TARGET = 5.1;
				OTHER_CFLAGS = "-DNS_BLOCK_ASSERTIONS=1";
				SDKROOT = iphoneos;
				TARGETED_DEVICE_FAMILY = "1,2";
				VALIDATE_PRODUCT = YES;
			};
			name = Release;
		};
		93B8D0E715BC4D300038AF14 /* Debug */ = {
			isa = XCBuildConfiguration;
			buildSettings = {
				FRAMEWORK_SEARCH_PATHS = (
					"$(inherited)",
					"\"$(SRCROOT)\"",
				);
				GCC_PRECOMPILE_PREFIX_HEADER = YES;
				GCC_PREFIX_HEADER = "Moppet/Moppet-Prefix.pch";
				INFOPLIST_FILE = "Moppet/Moppet-Info.plist";
				PRODUCT_NAME = "$(TARGET_NAME)";
				WRAPPER_EXTENSION = app;
			};
			name = Debug;
		};
		93B8D0E815BC4D300038AF14 /* Release */ = {
			isa = XCBuildConfiguration;
			buildSettings = {
				FRAMEWORK_SEARCH_PATHS = (
					"$(inherited)",
					"\"$(SRCROOT)\"",
				);
				GCC_PRECOMPILE_PREFIX_HEADER = YES;
				GCC_PREFIX_HEADER = "Moppet/Moppet-Prefix.pch";
				INFOPLIST_FILE = "Moppet/Moppet-Info.plist";
				PRODUCT_NAME = "$(TARGET_NAME)";
				WRAPPER_EXTENSION = app;
			};
			name = Release;
		};
		93B8D0EA15BC4D300038AF14 /* Debug */ = {
			isa = XCBuildConfiguration;
			buildSettings = {
				BUNDLE_LOADER = "$(BUILT_PRODUCTS_DIR)/Moppet.app/Moppet";
				FRAMEWORK_SEARCH_PATHS = (
					"$(SDKROOT)/Developer/Library/Frameworks",
					"$(DEVELOPER_LIBRARY_DIR)/Frameworks",
				);
				GCC_PRECOMPILE_PREFIX_HEADER = YES;
				GCC_PREFIX_HEADER = "Moppet/Moppet-Prefix.pch";
				INFOPLIST_FILE = "MoppetTests/MoppetTests-Info.plist";
				PRODUCT_NAME = "$(TARGET_NAME)";
				TEST_HOST = "$(BUNDLE_LOADER)";
				WRAPPER_EXTENSION = octest;
			};
			name = Debug;
		};
		93B8D0EB15BC4D300038AF14 /* Release */ = {
			isa = XCBuildConfiguration;
			buildSettings = {
				BUNDLE_LOADER = "$(BUILT_PRODUCTS_DIR)/Moppet.app/Moppet";
				FRAMEWORK_SEARCH_PATHS = (
					"$(SDKROOT)/Developer/Library/Frameworks",
					"$(DEVELOPER_LIBRARY_DIR)/Frameworks",
				);
				GCC_PRECOMPILE_PREFIX_HEADER = YES;
				GCC_PREFIX_HEADER = "Moppet/Moppet-Prefix.pch";
				INFOPLIST_FILE = "MoppetTests/MoppetTests-Info.plist";
				PRODUCT_NAME = "$(TARGET_NAME)";
				TEST_HOST = "$(BUNDLE_LOADER)";
				WRAPPER_EXTENSION = octest;
			};
			name = Release;
		};
/* End XCBuildConfiguration section */

/* Begin XCConfigurationList section */
		93B8D0B315BC4D2F0038AF14 /* Build configuration list for PBXProject "Moppet" */ = {
			isa = XCConfigurationList;
			buildConfigurations = (
				93B8D0E415BC4D300038AF14 /* Debug */,
				93B8D0E515BC4D300038AF14 /* Release */,
			);
			defaultConfigurationIsVisible = 0;
			defaultConfigurationName = Release;
		};
		93B8D0E615BC4D300038AF14 /* Build configuration list for PBXNativeTarget "Moppet" */ = {
			isa = XCConfigurationList;
			buildConfigurations = (
				93B8D0E715BC4D300038AF14 /* Debug */,
				93B8D0E815BC4D300038AF14 /* Release */,
			);
			defaultConfigurationIsVisible = 0;
			defaultConfigurationName = Release;
		};
		93B8D0E915BC4D300038AF14 /* Build configuration list for PBXNativeTarget "MoppetTests" */ = {
			isa = XCConfigurationList;
			buildConfigurations = (
				93B8D0EA15BC4D300038AF14 /* Debug */,
				93B8D0EB15BC4D300038AF14 /* Release */,
			);
			defaultConfigurationIsVisible = 0;
			defaultConfigurationName = Release;
		};
/* End XCConfigurationList section */
	};
	rootObject = 93B8D0B015BC4D2F0038AF14 /* Project object */;
}
